
Microsoft Visual Studio Solution File, Format Version 12.00
# Visual Studio Version 17
VisualStudioVersion = 17.14.36511.14 d17.14
MinimumVisualStudioVersion = 10.0.40219.1
Project("{FAE04EC0-301F-11D3-BF4B-00C04F79EFBC}") = "LandryApp", "LandryApp\LandryApp.csproj", "{54F223BC-EF49-4164-9901-BFA4251DA888}"
EndProject
Global
	GlobalSection(SolutionConfigurationPlatforms) = preSolution
		Debug|Any CPU = Debug|Any CPU
		Release|Any CPU = Release|Any CPU
	EndGlobalSection
	GlobalSection(ProjectConfigurationPlatforms) = postSolution
		{54F223BC-EF49-4164-9901-BFA4251DA888}.Debug|Any CPU.ActiveCfg = Debug|Any CPU
		{54F223BC-EF49-4164-9901-BFA4251DA888}.Debug|Any CPU.Build.0 = Debug|Any CPU
		{54F223BC-EF49-4164-9901-BFA4251DA888}.Release|Any CPU.ActiveCfg = Release|Any CPU
		{54F223BC-EF49-4164-9901-BFA4251DA888}.Release|Any CPU.Build.0 = Release|Any CPU
	EndGlobalSection
	GlobalSection(SolutionProperties) = preSolution
		HideSolutionNode = FALSE
	EndGlobalSection
	GlobalSection(ExtensibilityGlobals) = postSolution
		SolutionGuid = {4C9002B2-7B7A-4B62-AF4F-6F2C6A956B98}
	EndGlobalSection
EndGlobal
